%{
  "argon2_elixir": {:hex, :argon2_elixir, "4.1.3", "4f28318286f89453364d7fbb53e03d4563fd7ed2438a60237eba5e426e97785f", [:make, :mix], [{:comeonin, "~> 5.3", [hex: :comeonin, repo: "hexpm", optional: false]}, {:elixir_make, "~> 0.6", [hex: :elixir_make, repo: "hexpm", optional: false]}], "hexpm", "7c295b8d8e0eaf6f43641698f962526cdf87c6feb7d14bd21e599271b510608c"},
  "bandit": {:hex, :bandit, "1.12.5", "af205a8e550f304caae09a97d29fd3c79a7f337526ea7cd772d2ff11d2f7c800", [:mix], [{:hpax, "~> 1.0", [hex: :hpax, repo: "hexpm", optional: false]}, {:plug, "~> 1.18", [hex: :plug, repo: "hexpm", optional: false]}, {:telemetry, "~> 0.4 or ~> 1.0", [hex: :telemetry, repo: "hexpm", optional: false]}, {:thousand_island, "~> 1.5", [hex: :thousand_island, repo: "hexpm", optional: false]}, {:websock, "~> 0.5", [hex: :websock, repo: "hexpm", optional: false]}], "hexpm", "c5684ca062fa407cac115aec3256383f3e2ec9fdced7904d59cf5a7bb7ed6181"},
  "bodyguard": {:hex, :bodyguard, "2.4.3", "5faec1c7a346b3a6bac0b63aa3b2ae05b8dab6a5e4f8384e21577710498f8b56", [:mix], [{:plug, "~> 1.4", [hex: :plug, repo: "hexpm", optional: false]}], "hexpm", "5bb6bcc04871e18d97da5822a4d5d25ec38158447cb767b2eea3e2eb99cdc351"},
  "boundary": {:hex, :boundary, "0.11.0", "56cff565b5565930765e02782281b022935fe8c2e1504543c8c1b44b85893b40", [:mix], [], "hexpm", "b9297a96ea14c0e63dbd77b8135e0d483f9c6f34ed1c9dee4b3fea82c596f55a"},
  "bunt": {:hex, :bunt, "1.0.0", "081c2c665f086849e6d57900292b3a161727ab40431219529f13c4ddcf3e7a44", [:mix], [], "hexpm", "dc5f86aa08a5f6fa6b8096f0735c4e76d54ae5c9fa2c143e5a1fc7c1cd9bb6b5"},
  "cc_precompiler": {:hex, :cc_precompiler, "0.1.11", "8c844d0b9fb98a3edea067f94f616b3f6b29b959b6b3bf25fee94ffe34364768", [:mix], [{:elixir_make, "~> 0.7", [hex: :elixir_make, repo: "hexpm", optional: false]}], "hexpm", "3427232caf0835f94680e5bcf082408a70b48ad68a5f5c0b02a3bea9f3a075b9"},
  "comeonin": {:hex, :comeonin, "5.5.1", "5113e5f3800799787de08a6e0db307133850e635d34e9fab23c70b6501669510", [:mix], [], "hexpm", "65aac8f19938145377cee73973f192c5645873dcf550a8a6b18187d17c13ccdb"},
  "credo": {:hex, :credo, "1.7.16", "a9f1389d13d19c631cb123c77a813dbf16449a2aebf602f590defa08953309d4", [:mix], [{:bunt, "~> 0.2.1 or ~> 1.0", [hex: :bunt, repo: "hexpm", optional: false]}, {:file_system, "~> 0.2 or ~> 1.0", [hex: :file_system, repo: "hexpm", optional: false]}, {:jason, "~> 1.0", [hex: :jason, repo: "hexpm", optional: false]}], "hexpm", "d0562af33756b21f248f066a9119e3890722031b6d199f22e3cf95550e4f1579"},
  "db_connection": {:hex, :db_connection, "2.10.2", "ae391e803a5adff104da913c2fc1c0c14a37f8b10001dcef568796e1fb7bf95c", [:mix], [{:telemetry, "~> 0.4 or ~> 1.0", [hex: :telemetry, repo: "hexpm", optional: false]}], "hexpm", "510b14482330f1af6490a2fa0efd8d4f1435d1529b165647df22ac0f2df0fa93"},
  "decimal": {:hex, :decimal, "3.1.1", "430d87b04011ce6cbd4fd205be758311a81f87d552d40904abd00f015935b1d0", [:mix], [], "hexpm", "c5f25f2ced74a0587d03e6023f595db8e924c9d3922c8c8ffd9edfc4498cf1f6"},
  "dns_cluster": {:hex, :dns_cluster, "0.2.0", "aa8eb46e3bd0326bd67b84790c561733b25c5ba2fe3c7e36f28e88f384ebcb33", [:mix], [], "hexpm", "ba6f1893411c69c01b9e8e8f772062535a4cf70f3f35bcc964a324078d8c8240"},
  "dotenvy": {:hex, :dotenvy, "1.1.1", "00e318f3c51de9fafc4b48598447e386f19204dc18ca69886905bb8f8b08b667", [:mix], [], "hexpm", "c8269471b5701e9e56dc86509c1199ded2b33dce088c3471afcfef7839766d8e"},
  "ecto": {:hex, :ecto, "3.14.2", "99db28a864293a789c970651de711e3cae184291e0e7ea1166c54055ac41c1f3", [:mix], [{:decimal, "~> 3.0", [hex: :decimal, repo: "hexpm", optional: false]}, {:jason, "~> 1.0", [hex: :jason, repo: "hexpm", optional: true]}, {:telemetry, "~> 0.4 or ~> 1.0", [hex: :telemetry, repo: "hexpm", optional: false]}], "hexpm", "25d60b8c816a07d19d85b80bdf60978bd8b102209dda198d768cd7c6745339a6"},
  "ecto_sql": {:hex, :ecto_sql, "3.14.0", "06446ab8410d2f85bfbb80857ee224ab3b693700cbb38f6535d507449a627b2e", [:mix], [{:db_connection, "~> 2.9", [hex: :db_connection, repo: "hexpm", optional: false]}, {:decimal, "~> 3.0", [hex: :decimal, repo: "hexpm", optional: false]}, {:ecto, "~> 3.14.0", [hex: :ecto, repo: "hexpm", optional: false]}, {:myxql, "~> 0.8", [hex: :myxql, repo: "hexpm", optional: true]}, {:postgrex, "~> 0.19 or ~> 1.0", [hex: :postgrex, repo: "hexpm", optional: true]}, {:tds, "~> 2.1.1 or ~> 2.2", [hex: :tds, repo: "hexpm", optional: true]}, {:telemetry, "~> 0.4.0 or ~> 1.0", [hex: :telemetry, repo: "hexpm", optional: false]}], "hexpm", "f4d8d36faf294c9417b5a37ec7ac8217ee2abdef5fcf197ba690f361548d3949"},
  "elixir_make": {:hex, :elixir_make, "0.9.0", "6484b3cd8c0cee58f09f05ecaf1a140a8c97670671a6a0e7ab4dc326c3109726", [:mix], [], "hexpm", "db23d4fd8b757462ad02f8aa73431a426fe6671c80b200d9710caf3d1dd0ffdb"},
  "ex_ast": {:hex, :ex_ast, "0.12.10", "1126eb2afe3218e7a8a53ce85adf1056c528c88fbb5adcbe0191b647b842b377", [:mix], [{:jason, "~> 1.4", [hex: :jason, repo: "hexpm", optional: false]}, {:sourceror, "~> 1.7", [hex: :sourceror, repo: "hexpm", optional: false]}], "hexpm", "e03f668c4354e3a1382c3d762c0fcc82ca9670f6f37e62b9097ce752be6adf39"},
  "ex_check": {:hex, :ex_check, "0.17.0", "c4eac7477c3a07f7006bacdcbd9d72f4d58cfb5c350ee5059c10d12e98370ec9", [:mix], [], "hexpm", "a13fafafd01cf87482d49225d5b04422bb346466d6a5e2befde4935a000191c7"},
  "ex_dna": {:hex, :ex_dna, "1.5.4", "5a636109aeccca1c6df074367f53dc096f4280e90c075f5537ce8b8b4a843343", [:mix], [{:credo, "~> 1.7", [hex: :credo, repo: "hexpm", optional: true]}, {:gen_lsp, "~> 0.11", [hex: :gen_lsp, repo: "hexpm", optional: true]}, {:jason, "~> 1.0", [hex: :jason, repo: "hexpm", optional: false]}, {:makeup, "~> 1.0", [hex: :makeup, repo: "hexpm", optional: true]}, {:makeup_elixir, "~> 0.14 or ~> 1.0", [hex: :makeup_elixir, repo: "hexpm", optional: true]}], "hexpm", "66e6c7157127f023a219be16f2aa8e3a18c698e7a106f78bb24304b34df8034b"},
  "ex_machina": {:hex, :ex_machina, "2.8.0", "a0e847b5712065055ec3255840e2c78ef9366634d62390839d4880483be38abe", [:mix], [{:ecto, "~> 2.2 or ~> 3.0", [hex: :ecto, repo: "hexpm", optional: true]}, {:ecto_sql, "~> 3.0", [hex: :ecto_sql, repo: "hexpm", optional: true]}], "hexpm", "79fe1a9c64c0c1c1fab6c4fa5d871682cb90de5885320c187d117004627a7729"},
  "ex_slop": {:hex, :ex_slop, "0.4.5", "4e3ea38397d08d422f8e92e4cef16877e4a31a93c6abd07b494f4458e37c3ce2", [:mix], [{:credo, "~> 1.7", [hex: :credo, repo: "hexpm", optional: false]}], "hexpm", "174c1ce4da612f7d3e93734d08d81d93774bacb6a8e86123e7d6876369a2df81"},
  "excellent_migrations": {:hex, :excellent_migrations, "0.1.10", "f820e46d2fe877b81cddfa1688d9812575d6afe5a9b4371806ba1fa1f4498a9e", [:mix], [{:credo, "~> 1.5", [hex: :credo, repo: "hexpm", optional: true]}], "hexpm", "b425eac32199c26d144593f41129d15004938444b1cb2bc51cde19fbfb36e7ce"},
  "expo": {:hex, :expo, "1.1.1", "4202e1d2ca6e2b3b63e02f69cfe0a404f77702b041d02b58597c00992b601db5", [:mix], [], "hexpm", "5fb308b9cb359ae200b7e23d37c76978673aa1b06e2b3075d814ce12c5811640"},
  "file_system": {:hex, :file_system, "1.1.1", "31864f4685b0148f25bd3fbef2b1228457c0c89024ad67f7a81a3ffbc0bbad3a", [:mix], [], "hexpm", "7a15ff97dfe526aeefb090a7a9d3d03aa907e100e262a0f8f7746b78f8f87a5d"},
  "finch": {:hex, :finch, "0.24.0", "4022b6194e907b6d9b597c168001cac38e488a35fe36cef9d8297e3159782510", [:mix], [{:mime, "~> 1.0 or ~> 2.0", [hex: :mime, repo: "hexpm", optional: false]}, {:mint, "~> 1.8", [hex: :mint, repo: "hexpm", optional: false]}, {:nimble_options, "~> 0.4 or ~> 1.0", [hex: :nimble_options, repo: "hexpm", optional: false]}, {:nimble_pool, "~> 1.1", [hex: :nimble_pool, repo: "hexpm", optional: false]}, {:telemetry, "~> 0.4 or ~> 1.0", [hex: :telemetry, repo: "hexpm", optional: false]}], "hexpm", "33ba40069c3587c2f99f9125b766e19dad87d6d54be3c6961db2304df04cef00"},
  "fine": {:hex, :fine, "0.1.4", "b19a89c1476c7c57afb5f9314aed5960b5bc95d5277de4cb5ee8e1d1616ce379", [:mix], [], "hexpm", "be3324cc454a42d80951cf6023b9954e9ff27c6daa255483b3e8d608670303f5"},
  "gettext": {:hex, :gettext, "1.0.2", "5457e1fd3f4abe47b0e13ff85086aabae760497a3497909b8473e0acee57673b", [:mix], [{:expo, "~> 0.5.1 or ~> 1.0", [hex: :expo, repo: "hexpm", optional: false]}], "hexpm", "eab805501886802071ad290714515c8c4a17196ea76e5afc9d06ca85fb1bfeb3"},
  "ham": {:hex, :ham, "0.3.2", "02ae195f49970ef667faf9d01bc454fb80909a83d6c775bcac724ca567aeb7b3", [:mix], [], "hexpm", "b71cc684c0e5a3d32b5f94b186770551509e93a9ae44ca1c1a313700f2f6a69a"},
  "hpax": {:hex, :hpax, "1.1.0", "782931867cc23217c68fb5f68fe1a11f5e7544c7fda82c8a7019a5df5a4a1cdf", [:mix], [], "hexpm", "0b8d0f05832f55571d65ac720f79bf8994138ffbb133209dc4685eae0ad456a8"},
  "idna": {:hex, :idna, "6.1.1", "8a63070e9f7d0c62eb9d9fcb360a7de382448200fbbd1b106cc96d3d8099df8d", [:rebar3], [{:unicode_util_compat, "~> 0.7.0", [hex: :unicode_util_compat, repo: "hexpm", optional: false]}], "hexpm", "92376eb7894412ed19ac475e4a86f7b413c1b9fbb5bd16dccd57934157944cea"},
  "inertia": {:hex, :inertia, "2.6.0", "bf2e65aa588418bc88f7cc5efaf67300495aa19f412d8aec76f46a4f0bf91c9e", [:mix], [{:ecto, ">= 3.0.0", [hex: :ecto, repo: "hexpm", optional: false]}, {:igniter, "~> 0.5", [hex: :igniter, repo: "hexpm", optional: true]}, {:jason, "~> 1.2", [hex: :jason, repo: "hexpm", optional: false]}, {:nodejs, "~> 3.0", [hex: :nodejs, repo: "hexpm", optional: false]}, {:phoenix, "~> 1.7", [hex: :phoenix, repo: "hexpm", optional: false]}, {:phoenix_html, ">= 3.0.0", [hex: :phoenix_html, repo: "hexpm", optional: false]}, {:phoenix_live_view, "~> 1.0", [hex: :phoenix_live_view, repo: "hexpm", optional: false]}, {:plug, ">= 1.5.0 and < 2.0.0", [hex: :plug, repo: "hexpm", optional: false]}], "hexpm", "3f7e98f7194c607b27e2c5ec8039b0179dc7016962418cc23fbf2d06aa1ac732"},
  "jason": {:hex, :jason, "1.4.5", "2e3a008590b0b8d7388c20293e9dcc9cf3e5d642fd2a114e4cbbb52e595d940a", [:mix], [{:decimal, "~> 1.0 or ~> 2.0 or ~> 3.0", [hex: :decimal, repo: "hexpm", optional: true]}], "hexpm", "b0c823996102bcd0239b3c2444eb00409b72f6a140c1950bc8b457d836b30684"},
  "jump_credo_checks": {:hex, :jump_credo_checks, "0.5.0", "9575030b57fd743df5952bd884ea4f0c7ee0bf4b4070a99221fba4c6d5d45888", [:mix], [{:credo, "~> 1.7", [hex: :credo, repo: "hexpm", optional: false]}, {:igniter, ">= 0.0.0", [hex: :igniter, repo: "hexpm", optional: true]}], "hexpm", "5d1977a05690f11c6fcdc7168c1e1602858055588669e15022188915653524c8"},
  "lazy_html": {:hex, :lazy_html, "0.1.10", "ffe42a0b4e70859cf21a33e12a251e0c76c1dff76391609bd56702a0ef5bc429", [:make, :mix], [{:cc_precompiler, "~> 0.1", [hex: :cc_precompiler, repo: "hexpm", optional: false]}, {:elixir_make, "~> 0.9.0", [hex: :elixir_make, repo: "hexpm", optional: false]}, {:fine, "~> 0.1.0", [hex: :fine, repo: "hexpm", optional: false]}], "hexpm", "50f67e5faa09d45a99c1ddf3fac004f051997877dc8974c5797bb5ccd8e27058"},
  "libgraph": {:hex, :libgraph, "0.16.0", "3936f3eca6ef826e08880230f806bfea13193e49bf153f93edcf0239d4fd1d07", [:mix], [], "hexpm", "41ca92240e8a4138c30a7e06466acc709b0cbb795c643e9e17174a178982d6bf"},
  "mime": {:hex, :mime, "2.0.7", "b8d739037be7cd402aee1ba0306edfdef982687ee7e9859bee6198c1e7e2f128", [:mix], [], "hexpm", "6171188e399ee16023ffc5b76ce445eb6d9672e2e241d2df6050f3c771e80ccd"},
  "mimic": {:hex, :mimic, "2.3.0", "88b1d13c285e57df6ea57204317bb56e49e7329668006cdcb80a9aafc73a9616", [:mix], [{:ham, "~> 0.3", [hex: :ham, repo: "hexpm", optional: false]}], "hexpm", "52771f23689398c5d41c7d05e91c2c28e10df273b784f40ca8b02e35e46850d3"},
  "mint": {:hex, :mint, "1.11.0", "a713551624815c0435237b93d90ea8b9b14254690c66f732d0ef8930f76ff1d9", [:mix], [{:castore, "~> 0.1.0 or ~> 1.0", [hex: :castore, repo: "hexpm", optional: true]}, {:hpax, "~> 1.1", [hex: :hpax, repo: "hexpm", optional: false]}], "hexpm", "c6279ba2d6aa3a383a1d4cfbe7b59f42e6efd400f58d8e2acfeac48a438693ab"},
  "mix_audit": {:hex, :mix_audit, "2.1.5", "c0f77cee6b4ef9d97e37772359a187a166c7a1e0e08b50edf5bf6959dfe5a016", [:make, :mix], [{:jason, "~> 1.4", [hex: :jason, repo: "hexpm", optional: false]}, {:yaml_elixir, "~> 2.11", [hex: :yaml_elixir, repo: "hexpm", optional: false]}], "hexpm", "87f9298e21da32f697af535475860dc1d3617a010e0b418d2ec6142bc8b42d69"},
  "mix_test_interactive": {:hex, :mix_test_interactive, "5.1.0", "a2edd66806f06f6a0dbb92f023126a7e4ecdf02f7d34e3bb16f76886b79bed43", [:mix], [{:file_system, "~> 0.2 or ~> 1.0", [hex: :file_system, repo: "hexpm", optional: false]}, {:process_tree, ">= 0.1.3", [hex: :process_tree, repo: "hexpm", optional: false]}, {:typed_struct, "~> 0.3.0", [hex: :typed_struct, repo: "hexpm", optional: false]}], "hexpm", "0df8ab74c176040acd78939e92a5328775bf9f414a0f0472372cce852ee548cf"},
  "mix_unused": {:hex, :mix_unused, "0.4.1", "9f8d759a300a79d2077d6baf617f3a5af6935d50b0f113c09295b265afc3e411", [:mix], [{:libgraph, ">= 0.0.0", [hex: :libgraph, repo: "hexpm", optional: false]}], "hexpm", "fa21f688a88e0710e3d96ac1c8e5a6181aea8a75c8a4214f0edcfeb069b831a3"},
  "nimble_options": {:hex, :nimble_options, "1.1.1", "e3a492d54d85fc3fd7c5baf411d9d2852922f66e69476317787a7b2bb000a61b", [:mix], [], "hexpm", "821b2470ca9442c4b6984882fe9bb0389371b8ddec4d45a9504f00a66f650b44"},
  "nimble_pool": {:hex, :nimble_pool, "1.1.0", "bf9c29fbdcba3564a8b800d1eeb5a3c58f36e1e11d7b7fb2e084a643f645f06b", [:mix], [], "hexpm", "af2e4e6b34197db81f7aad230c1118eac993acc0dae6bc83bac0126d4ae0813a"},
  "nodejs": {:hex, :nodejs, "3.1.4", "c165a0e5901966e98d7965a20375a81d84ea89cadcde6c513f7f466e7166b3d3", [:mix], [{:jason, "~> 1.0", [hex: :jason, repo: "hexpm", optional: false]}, {:poolboy, "~> 1.5.1", [hex: :poolboy, repo: "hexpm", optional: false]}, {:ssl_verify_fun, "~> 1.1.7", [hex: :ssl_verify_fun, repo: "hexpm", optional: false]}], "hexpm", "ce69d966a743bdc002892358f653bf4c2074a6e8a4a46f99299d8fd8174d0195"},
  "oban": {:hex, :oban, "2.20.3", "e4d27336941955886cc7113420c32c63b70b64f10b27e08e3cf2b001153953cd", [:mix], [{:ecto_sql, "~> 3.10", [hex: :ecto_sql, repo: "hexpm", optional: false]}, {:ecto_sqlite3, "~> 0.9", [hex: :ecto_sqlite3, repo: "hexpm", optional: true]}, {:igniter, "~> 0.5", [hex: :igniter, repo: "hexpm", optional: true]}, {:jason, "~> 1.1", [hex: :jason, repo: "hexpm", optional: true]}, {:myxql, "~> 0.7", [hex: :myxql, repo: "hexpm", optional: true]}, {:postgrex, "~> 0.20", [hex: :postgrex, repo: "hexpm", optional: true]}, {:telemetry, "~> 1.3", [hex: :telemetry, repo: "hexpm", optional: false]}], "hexpm", "075ffbf1279a96bec495bc63d647b08929837d70bcc0427249ffe4d1dddaec33"},
  "oban_met": {:hex, :oban_met, "1.0.5", "bb633ab06448dab2ef9194f6688d33b3d07fc3f2ad793a1a08f4dfbb2cc9fe50", [:mix], [{:oban, "~> 2.19", [hex: :oban, repo: "hexpm", optional: false]}], "hexpm", "64664d50805bbfd3903aeada1f3c39634652a87844797ee400b0bcc95a28f5ea"},
  "oban_web": {:hex, :oban_web, "2.11.8", "be6521b5b1eb6d4182f40f5acc948ea65d243451b94c26f06a7329575748f695", [:mix], [{:jason, "~> 1.2", [hex: :jason, repo: "hexpm", optional: false]}, {:oban, "~> 2.19", [hex: :oban, repo: "hexpm", optional: false]}, {:oban_met, "~> 1.0", [hex: :oban_met, repo: "hexpm", optional: false]}, {:phoenix, "~> 1.7", [hex: :phoenix, repo: "hexpm", optional: false]}, {:phoenix_html, "~> 3.3 or ~> 4.0", [hex: :phoenix_html, repo: "hexpm", optional: false]}, {:phoenix_live_view, "~> 1.0", [hex: :phoenix_live_view, repo: "hexpm", optional: false]}, {:phoenix_pubsub, "~> 2.1", [hex: :phoenix_pubsub, repo: "hexpm", optional: false]}], "hexpm", "d0c04a836d929ef037e96be142285238275aabbafe62543bbdcc3f541d29ec30"},
  "phoenix": {:hex, :phoenix, "1.8.15", "dcdb304113660ec97e1579458824d3c34b5d2eed07a0fdf25a836a9515b63146", [:mix], [{:bandit, "~> 1.0", [hex: :bandit, repo: "hexpm", optional: true]}, {:jason, "~> 1.0", [hex: :jason, repo: "hexpm", optional: true]}, {:phoenix_pubsub, "~> 2.1", [hex: :phoenix_pubsub, repo: "hexpm", optional: false]}, {:phoenix_template, "~> 1.0", [hex: :phoenix_template, repo: "hexpm", optional: false]}, {:phoenix_view, "~> 2.0", [hex: :phoenix_view, repo: "hexpm", optional: true]}, {:plug, "~> 1.14", [hex: :plug, repo: "hexpm", optional: false]}, {:plug_cowboy, "~> 2.7", [hex: :plug_cowboy, repo: "hexpm", optional: true]}, {:plug_crypto, "~> 2.2", [hex: :plug_crypto, repo: "hexpm", optional: false]}, {:telemetry, "~> 0.4 or ~> 1.0", [hex: :telemetry, repo: "hexpm", optional: false]}, {:websock_adapter, "~> 0.5", [hex: :websock_adapter, repo: "hexpm", optional: false]}], "hexpm", "7b83ed6b3d544f24a29277eab7f051be38b76f390bb511bb6ddb7ec6e8e05b95"},
  "phoenix_ecto": {:hex, :phoenix_ecto, "4.7.0", "75c4b9dfb3efdc42aec2bd5f8bccd978aca0651dbcbc7a3f362ea5d9d43153c6", [:mix], [{:ecto, "~> 3.5", [hex: :ecto, repo: "hexpm", optional: false]}, {:phoenix_html, "~> 2.14.2 or ~> 3.0 or ~> 4.1", [hex: :phoenix_html, repo: "hexpm", optional: true]}, {:plug, "~> 1.9", [hex: :plug, repo: "hexpm", optional: false]}, {:postgrex, "~> 0.16 or ~> 1.0", [hex: :postgrex, repo: "hexpm", optional: true]}], "hexpm", "1d75011e4254cb4ddf823e81823a9629559a1be93b4321a6a5f11a5306fbf4cc"},
  "phoenix_html": {:hex, :phoenix_html, "4.3.0", "d3577a5df4b6954cd7890c84d955c470b5310bb49647f0a114a6eeecc850f7ad", [:mix], [], "hexpm", "3eaa290a78bab0f075f791a46a981bbe769d94bc776869f4f3063a14f30497ad"},
  "phoenix_live_dashboard": {:hex, :phoenix_live_dashboard, "0.8.7", "405880012cb4b706f26dd1c6349125bfc903fb9e44d1ea668adaf4e04d4884b7", [:mix], [{:ecto, "~> 3.6.2 or ~> 3.7", [hex: :ecto, repo: "hexpm", optional: true]}, {:ecto_mysql_extras, "~> 0.5", [hex: :ecto_mysql_extras, repo: "hexpm", optional: true]}, {:ecto_psql_extras, "~> 0.7", [hex: :ecto_psql_extras, repo: "hexpm", optional: true]}, {:ecto_sqlite3_extras, "~> 1.1.7 or ~> 1.2.0", [hex: :ecto_sqlite3_extras, repo: "hexpm", optional: true]}, {:mime, "~> 1.6 or ~> 2.0", [hex: :mime, repo: "hexpm", optional: false]}, {:phoenix_live_view, "~> 0.19 or ~> 1.0", [hex: :phoenix_live_view, repo: "hexpm", optional: false]}, {:telemetry_metrics, "~> 0.6 or ~> 1.0", [hex: :telemetry_metrics, repo: "hexpm", optional: false]}], "hexpm", "3a8625cab39ec261d48a13b7468dc619c0ede099601b084e343968309bd4d7d7"},
  "phoenix_live_reload": {:hex, :phoenix_live_reload, "1.6.2", "b18b0773a1ba77f28c52decbb0f10fd1ac4d3ae5b8632399bbf6986e3b665f62", [:mix], [{:file_system, "~> 0.2.10 or ~> 1.0", [hex: :file_system, repo: "hexpm", optional: false]}, {:phoenix, "~> 1.4", [hex: :phoenix, repo: "hexpm", optional: false]}], "hexpm", "d1f89c18114c50d394721365ffb428cce24f1c13de0467ffa773e2ff4a30d5b9"},
  "phoenix_live_view": {:hex, :phoenix_live_view, "1.1.23", "5e41c63377d508dc9b22dcebcefa0a3a243695932f72eac6003831fd4ed96165", [:mix], [{:igniter, ">= 0.6.16 and < 1.0.0-0", [hex: :igniter, repo: "hexpm", optional: true]}, {:jason, "~> 1.0", [hex: :jason, repo: "hexpm", optional: true]}, {:lazy_html, "~> 0.1.0", [hex: :lazy_html, repo: "hexpm", optional: true]}, {:phoenix, "~> 1.6.15 or ~> 1.7.0 or ~> 1.8.0-rc", [hex: :phoenix, repo: "hexpm", optional: false]}, {:phoenix_html, "~> 3.3 or ~> 4.0", [hex: :phoenix_html, repo: "hexpm", optional: false]}, {:phoenix_template, "~> 1.0", [hex: :phoenix_template, repo: "hexpm", optional: false]}, {:phoenix_view, "~> 2.0", [hex: :phoenix_view, repo: "hexpm", optional: true]}, {:plug, "~> 1.15", [hex: :plug, repo: "hexpm", optional: false]}, {:telemetry, "~> 0.4.2 or ~> 1.0", [hex: :telemetry, repo: "hexpm", optional: false]}], "hexpm", "f5296ef67b41da7fe345e139ebaa621ceb5e7e84e37c89a12574cc0536a80604"},
  "phoenix_pubsub": {:hex, :phoenix_pubsub, "2.3.0", "03916bfbc31a5121945b3cfffe5aec647a5c97fe1dc172a319b94428562359c9", [:mix], [], "hexpm", "eec7be6e9cf02e2551d389b558402d6c637cd3973796326e7ba4bb03c6b2e91d"},
  "phoenix_template": {:hex, :phoenix_template, "1.1.0", "b329582281b1e00e4dc664afd60ef5b489cbb356923caa3b1e00abe8651b9a18", [:mix], [{:phoenix_html, "~> 2.14.2 or ~> 3.0 or ~> 4.0", [hex: :phoenix_html, repo: "hexpm", optional: true]}], "hexpm", "eba70070de79b2c3501ef205a74a69f98ab352f3785aa15da9ed161f9fe0fd5d"},
  "plug": {:hex, :plug, "1.20.3", "56c480c633ec2ce10140e236e15233bf576e1d323887d7c96711bd02ab5160db", [:mix], [{:mime, "~> 1.0 or ~> 2.0", [hex: :mime, repo: "hexpm", optional: false]}, {:plug_crypto, "~> 1.1.1 or ~> 1.2 or ~> 2.0", [hex: :plug_crypto, repo: "hexpm", optional: false]}, {:telemetry, "~> 0.4.3 or ~> 1.0", [hex: :telemetry, repo: "hexpm", optional: false]}], "hexpm", "be266aee1b8536ef6409d58cf39a3121319f0ec47cfa1b24024485aa0e76ad76"},
  "plug_crypto": {:hex, :plug_crypto, "2.2.0", "144014737daaf485407f5ed77daeaad74d651b216a28c87543f8cc7043f8efc8", [:mix], [], "hexpm", "83a95744ab1c75876542b6fab135fcc176280e0f301a111c1f757fddcec95d2c"},
  "poolboy": {:hex, :poolboy, "1.5.2", "392b007a1693a64540cead79830443abf5762f5d30cf50bc95cb2c1aaafa006b", [:rebar3], [], "hexpm", "dad79704ce5440f3d5a3681c8590b9dc25d1a561e8f5a9c995281012860901e3"},
  "postgrex": {:hex, :postgrex, "0.22.4", "d271f595dfd25230b6398354e19d17bb5e2d20130fd2d9bdca7e15f125d43552", [:mix], [{:db_connection, "~> 2.9", [hex: :db_connection, repo: "hexpm", optional: false]}, {:decimal, "~> 1.5 or ~> 2.0 or ~> 3.0", [hex: :decimal, repo: "hexpm", optional: false]}, {:jason, "~> 1.0", [hex: :jason, repo: "hexpm", optional: true]}, {:table, "~> 0.1.0", [hex: :table, repo: "hexpm", optional: true]}], "hexpm", "4aae45a2d60e35b04eea2602440be152fae332901f1fc7a60fc7cb7f0f9a9c5a"},
  "process_tree": {:hex, :process_tree, "0.2.1", "4ebcaa96c64a7833467909f49fee28a8e62eed04975613f4c81b4b99424f7e8a", [:mix], [], "hexpm", "68eee6bf0514351aeeda7037f1a6003c0e25de48fe6b7d15a1b0aebb4b35e713"},
  "reach": {:hex, :reach, "2.8.4", "1158c2a43c7dc1a3a3531b751e97af7b4d770300b0cb2dd45500a48e63de5675", [:mix], [{:boxart, "~> 0.3.3", [hex: :boxart, repo: "hexpm", optional: true]}, {:ex_ast, "~> 0.12.0", [hex: :ex_ast, repo: "hexpm", optional: false]}, {:ex_dna, "~> 1.5", [hex: :ex_dna, repo: "hexpm", optional: true]}, {:libgraph, "~> 0.16.0", [hex: :libgraph, repo: "hexpm", optional: false]}, {:makeup, "~> 1.0", [hex: :makeup, repo: "hexpm", optional: true]}, {:makeup_elixir, "~> 1.0", [hex: :makeup_elixir, repo: "hexpm", optional: true]}, {:makeup_js, "~> 0.1", [hex: :makeup_js, repo: "hexpm", optional: true]}, {:quickbeam, "~> 0.10", [hex: :quickbeam, repo: "hexpm", optional: true]}], "hexpm", "06c01236ca0bec2c6a88cc1fbe240484958f76dc380418c7fea19eaffe804e44"},
  "req": {:hex, :req, "0.7.4", "23e9ffec17de032a46a4b15ed65c09793893bf4a7c680f4bbf6227fce6bdf74d", [:mix], [{:brotli, "~> 0.3.1", [hex: :brotli, repo: "hexpm", optional: true]}, {:finch, "~> 0.21", [hex: :finch, repo: "hexpm", optional: false]}, {:jason, "~> 1.0", [hex: :jason, repo: "hexpm", optional: false]}, {:mime, "~> 2.0.6 or ~> 2.1", [hex: :mime, repo: "hexpm", optional: false]}, {:nimble_csv, "~> 1.0", [hex: :nimble_csv, repo: "hexpm", optional: true]}, {:plug, "~> 1.0", [hex: :plug, repo: "hexpm", optional: true]}], "hexpm", "4b192d63253e8dcc6221ef992ea9ebef7d3555166e8423aa5b553e86bc3c69a2"},
  "sobelow": {:hex, :sobelow, "0.16.0", "13e3f761bc7fcc88e81ae23ddef9140617a12a3efb26601e5516453290539398", [:mix], [{:jason, "~> 1.0", [hex: :jason, repo: "hexpm", optional: false]}], "hexpm", "00a0260edf9aeac35d9116366f55dc9451d11e0e696e28ec5570c6a56bd41f1e"},
  "sourceror": {:hex, :sourceror, "1.12.3", "f58eebef0765c7a369a49a755ab2a5ee88d92777f403ea5a08b722cefcc37f51", [:mix], [], "hexpm", "d5f2f37099de794840f08c54ae546d7f6e4ea015e397be64aebe4996fa9f7da7"},
  "ssl_verify_fun": {:hex, :ssl_verify_fun, "1.1.7", "354c321cf377240c7b8716899e182ce4890c5938111a1296add3ec74cf1715df", [:make, :mix, :rebar3], [], "hexpm", "fe4c190e8f37401d30167c8c405eda19469f34577987c76dde613e838bbc67f8"},
  "styler": {:hex, :styler, "1.10.1", "9229050c978bfaaab1d94e8673843576d0127d48fe64824a30babde3d6342475", [:mix], [], "hexpm", "d86cbcc70e8ab424393af313d1d885931ba9dc7c383d7dd30f4ab255a8d39f73"},
  "swoosh": {:hex, :swoosh, "1.21.0", "9f4fa629447774cfc9ad684d8a87a85384e8fce828b6390dd535dfbd43c9ee2a", [:mix], [{:bandit, ">= 1.0.0", [hex: :bandit, repo: "hexpm", optional: true]}, {:cowboy, "~> 1.1 or ~> 2.4", [hex: :cowboy, repo: "hexpm", optional: true]}, {:ex_aws, "~> 2.1", [hex: :ex_aws, repo: "hexpm", optional: true]}, {:finch, "~> 0.6", [hex: :finch, repo: "hexpm", optional: true]}, {:gen_smtp, "~> 0.13 or ~> 1.0", [hex: :gen_smtp, repo: "hexpm", optional: true]}, {:hackney, "~> 1.9", [hex: :hackney, repo: "hexpm", optional: true]}, {:idna, "~> 6.0", [hex: :idna, repo: "hexpm", optional: false]}, {:jason, "~> 1.0", [hex: :jason, repo: "hexpm", optional: false]}, {:mail, "~> 0.2", [hex: :mail, repo: "hexpm", optional: true]}, {:mime, "~> 1.1 or ~> 2.0", [hex: :mime, repo: "hexpm", optional: false]}, {:mua, "~> 0.2.3", [hex: :mua, repo: "hexpm", optional: true]}, {:multipart, "~> 0.4", [hex: :multipart, repo: "hexpm", optional: true]}, {:plug, "~> 1.9", [hex: :plug, repo: "hexpm", optional: true]}, {:plug_cowboy, ">= 1.0.0", [hex: :plug_cowboy, repo: "hexpm", optional: true]}, {:req, "~> 0.5.10 or ~> 0.6 or ~> 1.0", [hex: :req, repo: "hexpm", optional: true]}, {:telemetry, "~> 0.4.2 or ~> 1.0", [hex: :telemetry, repo: "hexpm", optional: false]}], "hexpm", "9127157bfb33b7e154d0f1ba4e888e14b08ede84e81dedcb318a2f33dbc6db51"},
  "telemetry": {:hex, :telemetry, "1.4.2", "a0cb522801dffb1c49fe6e30561badffc7b6d0e180db1300df759faa22062855", [:rebar3], [], "hexpm", "928f6495066506077862c0d1646609eed891a4326bee3126ba54b60af61febb1"},
  "telemetry_metrics": {:hex, :telemetry_metrics, "1.1.0", "5bd5f3b5637e0abea0426b947e3ce5dd304f8b3bc6617039e2b5a008adc02f8f", [:mix], [{:telemetry, "~> 0.4 or ~> 1.0", [hex: :telemetry, repo: "hexpm", optional: false]}], "hexpm", "e7b79e8ddfde70adb6db8a6623d1778ec66401f366e9a8f5dd0955c56bc8ce67"},
  "telemetry_poller": {:hex, :telemetry_poller, "1.3.0", "d5c46420126b5ac2d72bc6580fb4f537d35e851cc0f8dbd571acf6d6e10f5ec7", [:rebar3], [{:telemetry, "~> 1.0", [hex: :telemetry, repo: "hexpm", optional: false]}], "hexpm", "51f18bed7128544a50f75897db9974436ea9bfba560420b646af27a9a9b35211"},
  "thousand_island": {:hex, :thousand_island, "1.5.0", "f50a213cac97262b6d5ebb85745aa2c00fec1413191e6e66834788d45425cecb", [:mix], [{:telemetry, "~> 0.4 or ~> 1.0", [hex: :telemetry, repo: "hexpm", optional: false]}], "hexpm", "708923d40523e43cf99041ab37a0d4b0ec426ac6438fa3716ab23d919eaeb412"},
  "typed_struct": {:hex, :typed_struct, "0.3.0", "939789e3c1dca39d7170c87f729127469d1315dcf99fee8e152bb774b17e7ff7", [:mix], [], "hexpm", "c50bd5c3a61fe4e198a8504f939be3d3c85903b382bde4865579bc23111d1b6d"},
  "unicode_util_compat": {:hex, :unicode_util_compat, "0.7.1", "a48703a25c170eedadca83b11e88985af08d35f37c6f664d6dcfb106a97782fc", [:rebar3], [], "hexpm", "b3a917854ce3ae233619744ad1e0102e05673136776fb2fa76234f3e03b23642"},
  "websock": {:hex, :websock, "0.5.3", "2f69a6ebe810328555b6fe5c831a851f485e303a7c8ce6c5f675abeb20ebdadc", [:mix], [], "hexpm", "6105453d7fac22c712ad66fab1d45abdf049868f253cf719b625151460b8b453"},
  "websock_adapter": {:hex, :websock_adapter, "0.6.0", "73db5ab8aaefd1a876a97ce3e6afc96562625de69ef17a4e04426e034849d0b8", [:mix], [{:bandit, ">= 0.6.0", [hex: :bandit, repo: "hexpm", optional: true]}, {:plug, "~> 1.14", [hex: :plug, repo: "hexpm", optional: false]}, {:plug_cowboy, "~> 2.6", [hex: :plug_cowboy, repo: "hexpm", optional: true]}, {:websock, "~> 0.5", [hex: :websock, repo: "hexpm", optional: false]}], "hexpm", "50021a85bce8f203b086705d9e0c5415e2c7eb05d319111b0428fe71f9934617"},
  "yamerl": {:hex, :yamerl, "0.10.0", "4ff81fee2f1f6a46f1700c0d880b24d193ddb74bd14ef42cb0bcf46e81ef2f8e", [:rebar3], [], "hexpm", "346adb2963f1051dc837a2364e4acf6eb7d80097c0f53cbdc3046ec8ec4b4e6e"},
  "yaml_elixir": {:hex, :yaml_elixir, "2.12.2", "9dd1330fb4cd9a36a7b0f502e5b12486eff632792ee4a5f0eba52a4d4ec32c9c", [:mix], [{:yamerl, "~> 0.10", [hex: :yamerl, repo: "hexpm", optional: false]}], "hexpm", "e7c1b10122f973e6558462d51c39026ba0e14afbc6745318e990ea82cfe9e159"},
}
